// !$*UTF8*$!
{
	archiveVersion = 1;
	classes = {
	};
	objectVersion = 51;
	objects = {

/* Begin PBXBuildFile section */
		74F2D6D20184DC0E17748CA6 /* Pods_Noted.framework in Frameworks */ = {isa = PBXBuildFile; fileRef = ADDA17AB756C450ACB88305B /* Pods_Noted.framework */; };
		EC6C9BEF24D082AF00F45386 /* NotesService.swift in Sources */ = {isa = PBXBuildFile; fileRef = EC6C9BEE24D082AF00F45386 /* NotesService.swift */; };
		EC6C9BF124D08CD000F45386 /* AuthService.swift in Sources */ = {isa = PBXBuildFile; fileRef = EC6C9BF024D08CD000F45386 /* AuthService.swift */; };
		EC8424F124C5A70000E061C0 /* Auth0.plist in Resources */ = {isa = PBXBuildFile; fileRef = EC8424F024C5A70000E061C0 /* Auth0.plist */; };
		ECC79A9824C0603E00B54B6E /* AppDelegate.swift in Sources */ = {isa = PBXBuildFile; fileRef = ECC79A9724C0603E00B54B6E /* AppDelegate.swift */; };
		ECC79A9A24C0603E00B54B6E /* SceneDelegate.swift in Sources */ = {isa = PBXBuildFile; fileRef = ECC79A9924C0603E00B54B6E /* SceneDelegate.swift */; };
		ECC79A9C24C0603E00B54B6E /* ContentView.swift in Sources */ = {isa = PBXBuildFile; fileRef = ECC79A9B24C0603E00B54B6E /* ContentView.swift */; };
		ECC79A9E24C0604000B54B6E /* Assets.xcassets in Resources */ = {isa = PBXBuildFile; fileRef = ECC79A9D24C0604000B54B6E /* Assets.xcassets */; };
		ECC79AA124C0604000B54B6E /* Preview Assets.xcassets in Resources */ = {isa = PBXBuildFile; fileRef = ECC79AA024C0604000B54B6E /* Preview Assets.xcassets */; };
		ECC79AA424C0604000B54B6E /* LaunchScreen.storyboard in Resources */ = {isa = PBXBuildFile; fileRef = ECC79AA224C0604000B54B6E /* LaunchScreen.storyboard */; };
		ECC79AAC24C0625900B54B6E /* TextView.swift in Sources */ = {isa = PBXBuildFile; fileRef = ECC79AAB24C0625900B54B6E /* TextView.swift */; };
/* End PBXBuildFile section */

/* Begin PBXFileReference section */
		ADDA17AB756C450ACB88305B /* Pods_Noted.framework */ = {isa = PBXFileReference; explicitFileType = wrapper.framework; includeInIndex = 0; path = Pods_Noted.framework; sourceTree = BUILT_PRODUCTS_DIR; };
		BC9A457BFEB0CE7294C89359 /* Pods-Noted.debug.xcconfig */ = {isa = PBXFileReference; includeInIndex = 1; lastKnownFileType = text.xcconfig; name = "Pods-Noted.debug.xcconfig"; path = "Target Support Files/Pods-Noted/Pods-Noted.debug.xcconfig"; sourceTree = "<group>"; };
		EC6C9BEE24D082AF00F45386 /* NotesService.swift */ = {isa = PBXFileReference; lastKnownFileType = sourcecode.swift; path = NotesService.swift; sourceTree = "<group>"; };
		EC6C9BF024D08CD000F45386 /* AuthService.swift */ = {isa = PBXFileReference; lastKnownFileType = sourcecode.swift; path = AuthService.swift; sourceTree = "<group>"; };
		EC8424F024C5A70000E061C0 /* Auth0.plist */ = {isa = PBXFileReference; lastKnownFileType = text.plist.xml; path = Auth0.plist; sourceTree = "<group>"; };
		ECC79A9424C0603E00B54B6E /* Noted.app */ = {isa = PBXFileReference; explicitFileType = wrapper.application; includeInIndex = 0; path = Noted.app; sourceTree = BUILT_PRODUCTS_DIR; };
		ECC79A9724C0603E00B54B6E /* AppDelegate.swift */ = {isa = PBXFileReference; lastKnownFileType = sourcecode.swift; path = AppDelegate.swift; sourceTree = "<group>"; };
		ECC79A9924C0603E00B54B6E /* SceneDelegate.swift */ = {isa = PBXFileReference; lastKnownFileType = sourcecode.swift; path = SceneDelegate.swift; sourceTree = "<group>"; };
		ECC79A9B24C0603E00B54B6E /* ContentView.swift */ = {isa = PBXFileReference; lastKnownFileType = sourcecode.swift; path = ContentView.swift; sourceTree = "<group>"; };
		ECC79A9D24C0604000B54B6E /* Assets.xcassets */ = {isa = PBXFileReference; lastKnownFileType = folder.assetcatalog; path = Assets.xcassets; sourceTree = "<group>"; };
		ECC79AA024C0604000B54B6E /* Preview Assets.xcassets */ = {isa = PBXFileReference; lastKnownFileType = folder.assetcatalog; path = "Preview Assets.xcassets"; sourceTree = "<group>"; };
		ECC79AA324C0604000B54B6E /* Base */ = {isa = PBXFileReference; lastKnownFileType = file.storyboard; name = Base; path = Base.lproj/LaunchScreen.storyboard; sourceTree = "<group>"; };
		ECC79AA524C0604000B54B6E /* Info.plist */ = {isa = PBXFileReference; lastKnownFileType = text.plist.xml; path = Info.plist; sourceTree = "<group>"; };
		ECC79AAB24C0625900B54B6E /* TextView.swift */ = {isa = PBXFileReference; lastKnownFileType = sourcecode.swift; path = TextView.swift; sourceTree = "<group>"; };
		EF901E4C8B613DE108B3C279 /* Pods-Noted.release.xcconfig */ = {isa = PBXFileReference; includeInIndex = 1; lastKnownFileType = text.xcconfig; name = "Pods-Noted.release.xcconfig"; path = "Target Support Files/Pods-Noted/Pods-Noted.release.xcconfig"; sourceTree = "<group>"; };
/* End PBXFileReference section */

/* Begin PBXFrameworksBuildPhase section */
		ECC79A9124C0603E00B54B6E /* Frameworks */ = {
			isa = PBXFrameworksBuildPhase;
			buildActionMask = 2147483647;
			files = (
				74F2D6D20184DC0E17748CA6 /* Pods_Noted.framework in Frameworks */,
			);
			runOnlyForDeploymentPostprocessing = 0;
		};
/* End PBXFrameworksBuildPhase section */

/* Begin PBXGroup section */
		3CCC2DE841CA1EF7637714EC /* Frameworks */ = {
			isa = PBXGroup;
			children = (
				ADDA17AB756C450ACB88305B /* Pods_Noted.framework */,
			);
			name = Frameworks;
			sourceTree = "<group>";
		};
		97708ECD8C84562FD4ACFA7C /* Pods */ = {
			isa = PBXGroup;
			children = (
				BC9A457BFEB0CE7294C89359 /* Pods-Noted.debug.xcconfig */,
				EF901E4C8B613DE108B3C279 /* Pods-Noted.release.xcconfig */,
			);
			path = Pods;
			sourceTree = "<group>";
		};
		ECC79A8B24C0603E00B54B6E = {
			isa = PBXGroup;
			children = (
				ECC79A9624C0603E00B54B6E /* Noted */,
				ECC79A9524C0603E00B54B6E /* Products */,
				97708ECD8C84562FD4ACFA7C /* Pods */,
				3CCC2DE841CA1EF7637714EC /* Frameworks */,
			);
			sourceTree = "<group>";
		};
		ECC79A9524C0603E00B54B6E /* Products */ = {
			isa = PBXGroup;
			children = (
				ECC79A9424C0603E00B54B6E /* Noted.app */,
			);
			name = Products;
			sourceTree = "<group>";
		};
		ECC79A9624C0603E00B54B6E /* Noted */ = {
			isa = PBXGroup;
			children = (
				ECC79A9724C0603E00B54B6E /* AppDelegate.swift */,
				ECC79A9924C0603E00B54B6E /* SceneDelegate.swift */,
				ECC79A9B24C0603E00B54B6E /* ContentView.swift */,
				ECC79A9D24C0604000B54B6E /* Assets.xcassets */,
				ECC79AA224C0604000B54B6E /* LaunchScreen.storyboard */,
				ECC79AA524C0604000B54B6E /* Info.plist */,
				ECC79A9F24C0604000B54B6E /* Preview Content */,
				ECC79AAB24C0625900B54B6E /* TextView.swift */,
				EC8424F024C5A70000E061C0 /* Auth0.plist */,
				EC6C9BEE24D082AF00F45386 /* NotesService.swift */,
				EC6C9BF024D08CD000F45386 /* AuthService.swift */,
			);
			path = Noted;
			sourceTree = "<group>";
		};
		ECC79A9F24C0604000B54B6E /* Preview Content */ = {
			isa = PBXGroup;
			children = (
				ECC79AA024C0604000B54B6E /* Preview Assets.xcassets */,
			);
			path = "Preview Content";
			sourceTree = "<group>";
		};
/* End PBXGroup section */

/* Begin PBXNativeTarget section */
		ECC79A9324C0603E00B54B6E /* Noted */ = {
			isa = PBXNativeTarget;
			buildConfigurationList = ECC79AA824C0604000B54B6E /* Build configuration list for PBXNativeTarget "Noted" */;
			buildPhases = (
				FECD717FC83453D6C5DB73F2 /* [CP] Check Pods Manifest.lock */,
				ECC79A9024C0603E00B54B6E /* Sources */,
				ECC79A9124C0603E00B54B6E /* Frameworks */,
				ECC79A9224C0603E00B54B6E /* Resources */,
				72CCD17D1BDB5308735F8B4D /* [CP] Embed Pods Frameworks */,
			);
			buildRules = (
			);
			dependencies = (
			);
			name = Noted;
			packageProductDependencies = (
			);
			productName = Noted;
			productReference = ECC79A9424C0603E00B54B6E /* Noted.app */;
			productType = "com.apple.product-type.application";
		};
/* End PBXNativeTarget section */

/* Begin PBXProject section */
		ECC79A8C24C0603E00B54B6E /* Project object */ = {
			isa = PBXProject;
			attributes = {
				LastSwiftUpdateCheck = 1150;
				LastUpgradeCheck = 1150;
				ORGANIZATIONNAME = Myware;
				TargetAttributes = {
					ECC79A9324C0603E00B54B6E = {
						CreatedOnToolsVersion = 11.5;
					};
				};
			};
			buildConfigurationList = ECC79A8F24C0603E00B54B6E /* Build configuration list for PBXProject "Noted" */;
			compatibilityVersion = "Xcode 9.3";
			developmentRegion = en;
			hasScannedForEncodings = 0;
			knownRegions = (
				en,
				Base,
			);
			mainGroup = ECC79A8B24C0603E00B54B6E;
			packageReferences = (
			);
			productRefGroup = ECC79A9524C0603E00B54B6E /* Products */;
			projectDirPath = "";
			projectRoot = "";
			targets = (
				ECC79A9324C0603E00B54B6E /* Noted */,
			);
		};
/* End PBXProject section */

/* Begin PBXResourcesBuildPhase section */
		ECC79A9224C0603E00B54B6E /* Resources */ = {
			isa = PBXResourcesBuildPhase;
			buildActionMask = 2147483647;
			files = (
				ECC79AA424C0604000B54B6E /* LaunchScreen.storyboard in Resources */,
				ECC79AA124C0604000B54B6E /* Preview Assets.xcassets in Resources */,
				EC8424F124C5A70000E061C0 /* Auth0.plist in Resources */,
				ECC79A9E24C0604000B54B6E /* Assets.xcassets in Resources */,
			);
			runOnlyForDeploymentPostprocessing = 0;
		};
/* End PBXResourcesBuildPhase section */

/* Begin PBXShellScriptBuildPhase section */
		72CCD17D1BDB5308735F8B4D /* [CP] Embed Pods Frameworks */ = {
			isa = PBXShellScriptBuildPhase;
			buildActionMask = 2147483647;
			files = (
			);
			inputFileListPaths = (
				"${PODS_ROOT}/Target Support Files/Pods-Noted/Pods-Noted-frameworks-${CONFIGURATION}-input-files.xcfilelist",
			);
			name = "[CP] Embed Pods Frameworks";
			outputFileListPaths = (
				"${PODS_ROOT}/Target Support Files/Pods-Noted/Pods-Noted-frameworks-${CONFIGURATION}-output-files.xcfilelist",
			);
			runOnlyForDeploymentPostprocessing = 0;
			shellPath = /bin/sh;
			shellScript = "\"${PODS_ROOT}/Target Support Files/Pods-Noted/Pods-Noted-frameworks.sh\"\n";
			showEnvVarsInLog = 0;
		};
		FECD717FC83453D6C5DB73F2 /* [CP] Check Pods Manifest.lock */ = {
			isa = PBXShellScriptBuildPhase;
			buildActionMask = 2147483647;
			files = (
			);
			inputFileListPaths = (
			);
			inputPaths = (
				"${PODS_PODFILE_DIR_PATH}/Podfile.lock",
				"${PODS_ROOT}/Manifest.lock",
			);
			name = "[CP] Check Pods Manifest.lock";
			outputFileListPaths = (
			);
			outputPaths = (
				"$(DERIVED_FILE_DIR)/Pods-Noted-checkManifestLockResult.txt",
			);
			runOnlyForDeploymentPostprocessing = 0;
			shellPath = /bin/sh;
			shellScript = "diff \"${PODS_PODFILE_DIR_PATH}/Podfile.lock\" \"${PODS_ROOT}/Manifest.lock\" > /dev/null\nif [ $? != 0 ] ; then\n    # print error to STDERR\n    echo \"error: The sandbox is not in sync with the Podfile.lock. Run 'pod install' or update your CocoaPods installation.\" >&2\n    exit 1\nfi\n# This output is used by Xcode 'outputs' to avoid re-running this script phase.\necho \"SUCCESS\" > \"${SCRIPT_OUTPUT_FILE_0}\"\n";
			showEnvVarsInLog = 0;
		};
/* End PBXShellScriptBuildPhase section */

/* Begin PBXSourcesBuildPhase section */
		ECC79A9024C0603E00B54B6E /* Sources */ = {
			isa = PBXSourcesBuildPhase;
			buildActionMask = 2147483647;
			files = (
				ECC79A9824C0603E00B54B6E /* AppDelegate.swift in Sources */,
				ECC79AAC24C0625900B54B6E /* TextView.swift in Sources */,
				ECC79A9A24C0603E00B54B6E /* SceneDelegate.swift in Sources */,
				EC6C9BF124D08CD000F45386 /* AuthService.swift in Sources */,
				EC6C9BEF24D082AF00F45386 /* NotesService.swift in Sources */,
				ECC79A9C24C0603E00B54B6E /* ContentView.swift in Sources */,
			);
			runOnlyForDeploymentPostprocessing = 0;
		};
/* End PBXSourcesBuildPhase section */

/* Begin PBXVariantGroup section */
		ECC79AA224C0604000B54B6E /* LaunchScreen.storyboard */ = {
			isa = PBXVariantGroup;
			children = (
				ECC79AA324C0604000B54B6E /* Base */,
			);
			name = LaunchScreen.storyboard;
			sourceTree = "<group>";
		};
/* End PBXVariantGroup section */

/* Begin XCBuildConfiguration section */
		ECC79AA624C0604000B54B6E /* Debug */ = {
			isa = XCBuildConfiguration;
			buildSettings = {
				ALWAYS_SEARCH_USER_PATHS = NO;
				CLANG_ANALYZER_NONNULL = YES;
				CLANG_ANALYZER_NUMBER_OBJECT_CONVERSION = YES_AGGRESSIVE;
				CLANG_CXX_LANGUAGE_STANDARD = "gnu++14";
				CLANG_CXX_LIBRARY = "libc++";
				CLANG_ENABLE_MODULES = YES;
				CLANG_ENABLE_OBJC_ARC = YES;
				CLANG_ENABLE_OBJC_WEAK = YES;
				CLANG_WARN_BLOCK_CAPTURE_AUTORELEASING = YES;
				CLANG_WARN_BOOL_CONVERSION = YES;
				CLANG_WARN_COMMA = YES;
				CLANG_WARN_CONSTANT_CONVERSION = YES;
				CLANG_WARN_DEPRECATED_OBJC_IMPLEMENTATIONS = YES;
				CLANG_WARN_DIRECT_OBJC_ISA_USAGE = YES_ERROR;
				CLANG_WARN_DOCUMENTATION_COMMENTS = YES;
				CLANG_WARN_EMPTY_BODY = YES;
				CLANG_WARN_ENUM_CONVERSION = YES;
				CLANG_WARN_INFINITE_RECURSION = YES;
				CLANG_WARN_INT_CONVERSION = YES;
				CLANG_WARN_NON_LITERAL_NULL_CONVERSION = YES;
				CLANG_WARN_OBJC_IMPLICIT_RETAIN_SELF = YES;
				CLANG_WARN_OBJC_LITERAL_CONVERSION = YES;
				CLANG_WARN_OBJC_ROOT_CLASS = YES_ERROR;
				CLANG_WARN_RANGE_LOOP_ANALYSIS = YES;
				CLANG_WARN_STRICT_PROTOTYPES = YES;
				CLANG_WARN_SUSPICIOUS_MOVE = YES;
				CLANG_WARN_UNGUARDED_AVAILABILITY = YES_AGGRESSIVE;
				CLANG_WARN_UNREACHABLE_CODE = YES;
				CLANG_WARN__DUPLICATE_METHOD_MATCH = YES;
				COPY_PHASE_STRIP = NO;
				DEBUG_INFORMATION_FORMAT = dwarf;
				ENABLE_STRICT_OBJC_MSGSEND = YES;
				ENABLE_TESTABILITY = YES;
				GCC_C_LANGUAGE_STANDARD = gnu11;
				GCC_DYNAMIC_NO_PIC = NO;
				GCC_NO_COMMON_BLOCKS = YES;
				GCC_OPTIMIZATION_LEVEL = 0;
				GCC_PREPROCESSOR_DEFINITIONS = (
					"DEBUG=1",
					"$(inherited)",
				);
				GCC_WARN_64_TO_32_BIT_CONVERSION = YES;
				GCC_WARN_ABOUT_RETURN_TYPE = YES_ERROR;
				GCC_WARN_UNDECLARED_SELECTOR = YES;
				GCC_WARN_UNINITIALIZED_AUTOS = YES_AGGRESSIVE;
				GCC_WARN_UNUSED_FUNCTION = YES;
				GCC_WARN_UNUSED_VARIABLE = YES;
				IPHONEOS_DEPLOYMENT_TARGET = 13.5;
				MTL_ENABLE_DEBUG_INFO = INCLUDE_SOURCE;
				MTL_FAST_MATH = YES;
				ONLY_ACTIVE_ARCH = YES;
				SDKROOT = iphoneos;
				SWIFT_ACTIVE_COMPILATION_CONDITIONS = DEBUG;
				SWIFT_OPTIMIZATION_LEVEL = "-Onone";
			};
			name = Debug;
		};
		ECC79AA724C0604000B54B6E /* Release */ = {
			isa = XCBuildConfiguration;
			buildSettings = {
				ALWAYS_SEARCH_USER_PATHS = NO;
				CLANG_ANALYZER_NONNULL = YES;
				CLANG_ANALYZER_NUMBER_OBJECT_CONVERSION = YES_AGGRESSIVE;
				CLANG_CXX_LANGUAGE_STANDARD = "gnu++14";
				CLANG_CXX_LIBRARY = "libc++";
				CLANG_ENABLE_MODULES = YES;
				CLANG_ENABLE_OBJC_ARC = YES;
				CLANG_ENABLE_OBJC_WEAK = YES;
				CLANG_WARN_BLOCK_CAPTURE_AUTORELEASING = YES;
				CLANG_WARN_BOOL_CONVERSION = YES;
				CLANG_WARN_COMMA = YES;
				CLANG_WARN_CONSTANT_CONVERSION = YES;
				CLANG_WARN_DEPRECATED_OBJC_IMPLEMENTATIONS = YES;
				CLANG_WARN_DIRECT_OBJC_ISA_USAGE = YES_ERROR;
				CLANG_WARN_DOCUMENTATION_COMMENTS = YES;
				CLANG_WARN_EMPTY_BODY = YES;
				CLANG_WARN_ENUM_CONVERSION = YES;
				CLANG_WARN_INFINITE_RECURSION = YES;
				CLANG_WARN_INT_CONVERSION = YES;
				CLANG_WARN_NON_LITERAL_NULL_CONVERSION = YES;
				CLANG_WARN_OBJC_IMPLICIT_RETAIN_SELF = YES;
				CLANG_WARN_OBJC_LITERAL_CONVERSION = YES;
				CLANG_WARN_OBJC_ROOT_CLASS = YES_ERROR;
				CLANG_WARN_RANGE_LOOP_ANALYSIS = YES;
				CLANG_WARN_STRICT_PROTOTYPES = YES;
				CLANG_WARN_SUSPICIOUS_MOVE = YES;
				CLANG_WARN_UNGUARDED_AVAILABILITY = YES_AGGRESSIVE;
				CLANG_WARN_UNREACHABLE_CODE = YES;
				CLANG_WARN__DUPLICATE_METHOD_MATCH = YES;
				COPY_PHASE_STRIP = NO;
				DEBUG_INFORMATION_FORMAT = "dwarf-with-dsym";
				ENABLE_NS_ASSERTIONS = NO;
				ENABLE_STRICT_OBJC_MSGSEND = YES;
				GCC_C_LANGUAGE_STANDARD = gnu11;
				GCC_NO_COMMON_BLOCKS = YES;
				GCC_WARN_64_TO_32_BIT_CONVERSION = YES;
				GCC_WARN_ABOUT_RETURN_TYPE = YES_ERROR;
				GCC_WARN_UNDECLARED_SELECTOR = YES;
				GCC_WARN_UNINITIALIZED_AUTOS = YES_AGGRESSIVE;
				GCC_WARN_UNUSED_FUNCTION = YES;
				GCC_WARN_UNUSED_VARIABLE = YES;
				IPHONEOS_DEPLOYMENT_TARGET = 13.5;
				MTL_ENABLE_DEBUG_INFO = NO;
				MTL_FAST_MATH = YES;
				SDKROOT = iphoneos;
				SWIFT_COMPILATION_MODE = wholemodule;
				SWIFT_OPTIMIZATION_LEVEL = "-O";
				VALIDATE_PRODUCT = YES;
			};
			name = Release;
		};
		ECC79AA924C0604000B54B6E /* Debug */ = {
			isa = XCBuildConfiguration;
			baseConfigurationReference = BC9A457BFEB0CE7294C89359 /* Pods-Noted.debug.xcconfig */;
			buildSettings = {
				ASSETCATALOG_COMPILER_APPICON_NAME = AppIcon;
				CODE_SIGN_STYLE = Automatic;
				DEVELOPMENT_ASSET_PATHS = "\"Noted/Preview Content\"";
				DEVELOPMENT_TEAM = A5C9J78U4Q;
				ENABLE_PREVIEWS = YES;
				INFOPLIST_FILE = Noted/Info.plist;
				LD_RUNPATH_SEARCH_PATHS = (
					"$(inherited)",
					"@executable_path/Frameworks",
				);
				PRODUCT_BUNDLE_IDENTIFIER = com.myware.Noted;
				PRODUCT_NAME = "$(TARGET_NAME)";
				SWIFT_VERSION = 5.0;
				TARGETED_DEVICE_FAMILY = "1,2";
			};
			name = Debug;
		};
		ECC79AAA24C0604000B54B6E /* Release */ = {
			isa = XCBuildConfiguration;
			baseConfigurationReference = EF901E4C8B613DE108B3C279 /* Pods-Noted.release.xcconfig */;
			buildSettings = {
				ASSETCATALOG_COMPILER_APPICON_NAME = AppIcon;
				CODE_SIGN_STYLE = Automatic;
				DEVELOPMENT_ASSET_PATHS = "\"Noted/Preview Content\"";
				DEVELOPMENT_TEAM = A5C9J78U4Q;
				ENABLE_PREVIEWS = YES;
				INFOPLIST_FILE = Noted/Info.plist;
				LD_RUNPATH_SEARCH_PATHS = (
					"$(inherited)",
					"@executable_path/Frameworks",
				);
				PRODUCT_BUNDLE_IDENTIFIER = com.myware.Noted;
				PRODUCT_NAME = "$(TARGET_NAME)";
				SWIFT_VERSION = 5.0;
				TARGETED_DEVICE_FAMILY = "1,2";
			};
			name = Release;
		};
/* End XCBuildConfiguration section */

/* Begin XCConfigurationList section */
		ECC79A8F24C0603E00B54B6E /* Build configuration list for PBXProject "Noted" */ = {
			isa = XCConfigurationList;
			buildConfigurations = (
				ECC79AA624C0604000B54B6E /* Debug */,
				ECC79AA724C0604000B54B6E /* Release */,
			);
			defaultConfigurationIsVisible = 0;
			defaultConfigurationName = Release;
		};
		ECC79AA824C0604000B54B6E /* Build configuration list for PBXNativeTarget "Noted" */ = {
			isa = XCConfigurationList;
			buildConfigurations = (
				ECC79AA924C0604000B54B6E /* Debug */,
				ECC79AAA24C0604000B54B6E /* Release */,
			);
			defaultConfigurationIsVisible = 0;
			defaultConfigurationName = Release;
		};
/* End XCConfigurationList section */
	};
	rootObject = ECC79A8C24C0603E00B54B6E /* Project object */;
}
